[[package]]
category = "main"
description = "Python bindings for the Brotli compression library"
name = "brotli"
optional = false
python-versions = "*"
version = "1.0.7"

[[package]]
category = "main"
description = "Python package for providing Mozilla's CA Bundle."
name = "certifi"
optional = false
python-versions = "*"
version = "2019.9.11"

[[package]]
category = "main"
description = "Universal encoding detector for Python 2 and 3"
name = "chardet"
optional = false
python-versions = "*"
version = "3.0.4"

[[package]]
category = "main"
description = "Cross-platform colored terminal text."
marker = "sys_platform == \"win32\""
name = "colorama"
optional = false
python-versions = ">=2.7, !=3.0.*, !=3.1.*, !=3.2.*, !=3.3.*"
version = "0.4.1"

[[package]]
category = "main"
description = "CSS HTML JS Minifier"
name = "css-html-js-minify"
optional = false
python-versions = ">=3.6"
version = "2.5.5"

[[package]]
category = "dev"
description = "Discover and load entry points from installed packages."
name = "entrypoints"
optional = false
python-versions = ">=2.7"
version = "0.3"

[[package]]
category = "main"
description = "Faker is a Python package that generates fake data for you."
name = "faker"
optional = false
python-versions = ">=2.7, !=3.0.*, !=3.1.*, !=3.2.*, !=3.3.*"
version = "2.0.3"

[package.dependencies]
python-dateutil = ">=2.4"
six = ">=1.10"
text-unidecode = "1.3"

[[package]]
category = "dev"
description = "the modular source code checker: pep8, pyflakes and co"
name = "flake8"
optional = false
python-versions = ">=2.7, !=3.0.*, !=3.1.*, !=3.2.*, !=3.3.*"
version = "3.7.8"

[package.dependencies]
entrypoints = ">=0.3.0,<0.4.0"
mccabe = ">=0.6.0,<0.7.0"
pycodestyle = ">=2.5.0,<2.6.0"
pyflakes = ">=2.1.0,<2.2.0"

[[package]]
category = "main"
description = "Tools to manipulate font files"
name = "fonttools"
optional = false
python-versions = ">=3.6"
version = "4.0.2"

[[package]]
category = "main"
description = "Internationalized Domain Names in Applications (IDNA)"
name = "idna"
optional = false
python-versions = ">=2.7, !=3.0.*, !=3.1.*, !=3.2.*, !=3.3.*"
version = "2.8"

[[package]]
category = "main"
description = "Robust and effective logging for Python 2 and 3"
name = "logzero"
optional = false
python-versions = "*"
version = "1.5.0"

[package.dependencies]
colorama = "*"

[[package]]
category = "dev"
description = "McCabe checker, plugin for flake8"
name = "mccabe"
optional = false
python-versions = "*"
version = "0.6.1"

[[package]]
category = "dev"
description = "Optional static typing for Python"
name = "mypy"
optional = false
python-versions = ">=3.5"
version = "0.740"

[package.dependencies]
mypy-extensions = ">=0.4.0,<0.5.0"
typed-ast = ">=1.4.0,<1.5.0"
typing-extensions = ">=3.7.4"

[[package]]
category = "dev"
description = "Experimental type system extensions for programs checked with the mypy typechecker."
name = "mypy-extensions"
optional = false
python-versions = "*"
version = "0.4.3"

[[package]]
category = "dev"
description = "Python style guide checker"
name = "pycodestyle"
optional = false
python-versions = ">=2.7, !=3.0.*, !=3.1.*, !=3.2.*, !=3.3.*"
version = "2.5.0"

[[package]]
category = "main"
description = "Data validation and settings management using python 3.6 type hinting"
name = "pydantic"
optional = false
python-versions = ">=3.6"
version = "1.0b2"

[[package]]
category = "dev"
description = "passive checker of Python programs"
name = "pyflakes"
optional = false
python-versions = ">=2.7, !=3.0.*, !=3.1.*, !=3.2.*, !=3.3.*"
version = "2.1.1"

[[package]]
category = "main"
description = "Mustache for Python"
name = "pystache"
optional = false
python-versions = "*"
version = "0.5.4"

[[package]]
category = "main"
description = "Extensions to the standard Python datetime module"
name = "python-dateutil"
optional = false
python-versions = ">=2.7, !=3.0.*, !=3.1.*, !=3.2.*"
version = "2.8.0"

[package.dependencies]
six = ">=1.5"

[[package]]
category = "main"
description = "YAML parser and emitter for Python"
name = "pyyaml"
optional = false
python-versions = ">=2.7, !=3.0.*, !=3.1.*, !=3.2.*, !=3.3.*"
version = "5.1.2"

[[package]]
category = "main"
description = "Python HTTP for Humans."
name = "requests"
optional = false
python-versions = ">=2.7, !=3.0.*, !=3.1.*, !=3.2.*, !=3.3.*, !=3.4.*"
version = "2.22.0"

[package.dependencies]
certifi = ">=2017.4.17"
chardet = ">=3.0.2,<3.1.0"
idna = ">=2.5,<2.9"
urllib3 = ">=1.21.1,<1.25.0 || >1.25.0,<1.25.1 || >1.25.1,<1.26"

[[package]]
category = "main"
description = "Python 2 and 3 compatibility utilities"
name = "six"
optional = false
python-versions = ">=2.6, !=3.0.*, !=3.1.*"
version = "1.12.0"

[[package]]
category = "main"
description = "The most basic Text::Unidecode port"
name = "text-unidecode"
optional = false
python-versions = "*"
version = "1.3"

[[package]]
category = "dev"
description = "a fork of Python 2 and 3 ast modules with type comment support"
name = "typed-ast"
optional = false
python-versions = "*"
version = "1.4.0"

[[package]]
category = "dev"
description = "Type Hints for Python"
name = "typing"
optional = false
python-versions = "*"
version = "3.7.4.1"

[[package]]
category = "dev"
description = "Backported and Experimental Type Hints for Python 3.5+"
name = "typing-extensions"
optional = false
python-versions = "*"
version = "3.7.4"

[package.dependencies]
typing = ">=3.7.4"

[[package]]
category = "main"
description = "HTTP library with thread-safe connection pooling, file post, and more."
name = "urllib3"
optional = false
python-versions = ">=2.7, !=3.0.*, !=3.1.*, !=3.2.*, !=3.3.*, <4"
version = "1.25.6"

[[package]]
category = "dev"
description = "A formatter for Python code."
name = "yapf"
optional = false
python-versions = "*"
version = "0.28.0"

[[package]]
category = "main"
description = "Zopfli module for python"
name = "zopfli"
optional = false
python-versions = "*"
version = "0.1.6"

[metadata]
content-hash = "1f85e5037f031ffa7acf7dcee3ba97f6caaadf990f960d02129c6f9cd39db9f8"
python-versions = "^3.7.4"

[metadata.hashes]
brotli = ["0538dc1744fd17c314d2adc409ea7d1b779783b89fd95bcfb0c2acc93a6ea5a7", "0970a47f471782912d7705160b2b0a9306e68e6fadf9cffcaeb42d8f0951e26c", "113f51658e6fe548dce4b3749f6ef6c24de4184ba9c10a909cbee4261c2a5da0", "1e1aa9c4d1558889f42749c8baf846007953bfd32c8209230cf1cd1f5ef33495", "2f2f4f78f29ac4a45d15b3d9fc3fd9705e0ad313a44b129f6e1d0c6916bad0e2", "3269f6de1dd150fd0cce1c158b61ff5ac06d627fd3ae9c6ea03aed26fbbff7ea", "50dd9ad2a2bb12da4e9002a438672d182f98e546e99952de80280a1e1729664f", "5519a4b01b1a4f965083cbfa2ef2b9774c5a5f352341c47b50776ad109423d72", "5eb27722d320370315971c427eb8aa7cc0791f2a458840d357ac653bd0ad3a14", "5f06b4d5b6f58e5b5c220c2f23cad034dc5efa51b01fde2351ced1605bd980e2", "72848d25a5f9e736db4af4512e0c3feecc094d57d241f8f1ae959115a2c39756", "743001bca75f4a6b4454be3510feca46f9d61a0c782a9bc2bc684bdb245e279e", "9d1c2dd27a1083fefd05b1b2f8df4a6bc2aaa6c21dd82cd41c8ae5e7c23a87f8", "a13ce9b419fe9f277c63f700efb0e444331509d1881b5610d2ba7e9080606967", "a19ef0952b9d2803df88dff07f45a6c92d5676afb9b8d69cf32232d684036d11", "ad766ca8b8c1419b71a22756b45264f45725c86133dc80a7cbe30b6b78c75620", "ad7963f261988ee0883816b6b9f206f11461c9b3cb5cfbca0c9ab5adc406d395", "c16201060c5a3f8742e3deae759014251ac92f382f82bc2a41dc079ff18c3f24", "c43b202f65891861a9a336984a103de25de235f756de69e32db893156f767013", "c675c6cce4295cb1a692f3de7416aacace7314e064b94bc86e93aceefce7fd3e", "d17cec0b992b1434f5f9df9986563605a4d1b1acd5574c87fc2ac014bcbd3316", "dc91f6129953861a73d9a65c52a8dd682b561a9ebaf65283541645cab6489917", "e2f4cbd1760d2bf2f30e396c2301999aab0191aec031a6a8a04950b2f575a536", "f192e6d3556714105c10486bbd6d045e38a0c04d9da3cef21e0a8dfd8e162df4", "f775b07026af2b1b0b5a8b05e41571cdcf3a315a67df265d60af301656a5425b", "f969ec7f56ba9636679e69ca07fba548312ccaca37412ee823c7f413541ad7e0", "f9dc52cd70907aafb99a773b66b156f2f995c7a0d284397c487c8b71ddbef2f9", "fc7212e36ebeb81aebf7949c92897b622490d7c0e333a479c0395591e7994600"]
certifi = ["e4f3620cfea4f83eedc95b24abd9cd56f3c4b146dd0177e83a21b4eb49e21e50", "fd7c7c74727ddcf00e9acd26bba8da604ffec95bf1c2144e67aff7a8b50e6cef"]
chardet = ["84ab92ed1c4d4f16916e05906b6b75a6c0fb5db821cc65e70cbd64a3e2a5eaae", "fc323ffcaeaed0e0a02bf4d117757b98aed530d9ed4531e3e15460124c106691"]
colorama = ["05eed71e2e327246ad6b38c540c4a3117230b19679b875190486ddd2d721422d", "f8ac84de7840f5b9c4e3347b3c1eaa50f7e49c2b07596221daec5edaabbd7c48"]
css-html-js-minify = ["3da9d35ac0db8ca648c1b543e0e801d7ca0bab9e6bfd8418fee59d5ae001727a", "4704e04a0cd6dd56d61bbfa3bfffc630da6b2284be33519be0b456672e2a2438", "4a9f11f7e0496f5284d12111f3ba4ff5ff2023d12f15d195c9c48bd97013746c"]
entrypoints = ["589f874b313739ad35be6e0cd7efde2a4e9b6fea91edcc34e58ecbb8dbe56d19", "c70dd71abe5a8c85e55e12c19bd91ccfeec11a6e99044204511f9ed547d48451"]
faker = ["5902379d8df308a204fc11c4f621590ee83975805a6c7b2228203b9defa45250", "5e8c755c619f332d5ec28b7586389665f136bcf528e165eb925e87c06a63eda7"]
flake8 = ["19241c1cbc971b9962473e4438a2ca19749a7dd002dd1a946eaba171b4114548", "8e9dfa3cecb2400b3738a42c54c3043e821682b9c840b0448c0503f781130696"]
fonttools = ["bb9bf6b5b4ded33e0d9f823e5ae2e1fa643af4d614915660abe3853a9a6931cd", "c8665a202d7f5e8527c1f0b562f11994f799167af3fcaf80d52c6c0ea3c5eff0"]
idna = ["c357b3f628cf53ae2c4c05627ecc484553142ca23264e593d327bcde5e9c3407", "ea8b7f6188e6fa117537c3df7da9fc686d485087abf6ac197f9c46432f7e4a3c"]
logzero = ["34fa1e2e436dfa9f37e5ff8750e932bafe0c5abbb42e1f669e4cf5ce1f179142", "818072e4fcb53a3f6fb4114a92f920e1135fe6f47bffd9dc2b6c4d10eedacf27"]
mccabe = ["ab8a6258860da4b6677da4bd2fe5dc2c659cff31b3ee4f7f5d64e79735b80d42", "dd8d182285a0fe56bace7f45b5e7d1a6ebcbf524e8f3bd87eb0f125271b8831f"]
mypy = ["1521c186a3d200c399bd5573c828ea2db1362af7209b2adb1bb8532cea2fb36f", "31a046ab040a84a0fc38bc93694876398e62bc9f35eca8ccbf6418b7297f4c00", "3b1a411909c84b2ae9b8283b58b48541654b918e8513c20a400bb946aa9111ae", "48c8bc99380575deb39f5d3400ebb6a8a1cb5cc669bbba4d3bb30f904e0a0e7d", "540c9caa57a22d0d5d3c69047cc9dd0094d49782603eb03069821b41f9e970e9", "672e418425d957e276c291930a3921b4a6413204f53fe7c37cad7bc57b9a3391", "6ed3b9b3fdc7193ea7aca6f3c20549b377a56f28769783a8f27191903a54170f", "9371290aa2cad5ad133e4cdc43892778efd13293406f7340b9ffe99d5ec7c1d9", "ace6ac1d0f87d4072f05b5468a084a45b4eda970e4d26704f201e06d47ab2990", "b428f883d2b3fe1d052c630642cc6afddd07d5cd7873da948644508be3b9d4a7", "d5bf0e6ec8ba346a2cf35cb55bf4adfddbc6b6576fcc9e10863daa523e418dbb", "d7574e283f83c08501607586b3167728c58e8442947e027d2d4c7dcd6d82f453", "dc889c84241a857c263a2b1cd1121507db7d5b5f5e87e77147097230f374d10b", "f4748697b349f373002656bf32fede706a0e713d67bfdcf04edf39b1f61d46eb"]
mypy-extensions = ["090fedd75945a69ae91ce1303b5824f428daf5a028d2f6ab8a299250a846f15d", "2d82818f5bb3e369420cb3c4060a7970edba416647068eb4c5343488a6c604a8"]
pycodestyle = ["95a2219d12372f05704562a14ec30bc76b05a5b297b21a5dfe3f6fac3491ae56", "e40a936c9a450ad81df37f549d676d127b1b66000a6c500caa2b085bc0ca976c"]
pydantic = ["3dbf6d5f6966ab332360d42ea7beda914568b783eb5dc67b8ec04b1c71ff1199", "6248f2ac455e6bc278d7653d908372cc8b392c3e40c5354a1dc532f001e0ed01", "64db62d9e91136865f607a0c28634139fcc5c9fce68e84577dcefb7cb9415775", "75e9227011ec646a90848f36fb8171dea46de736c8ee48f3e432d1db93058449", "7f8b9433b63a8168346c45a91c0e27f01242e6f657576dd731730fc7328a9f7b", "b70c65054a246a1221bcbcf9bc6a40cc8480f0fe5edb37be317f841fc326ea7a"]
pyflakes = ["17dbeb2e3f4d772725c777fabc446d5634d1038f234e77343108ce445ea69ce0", "d976835886f8c5b31d47970ed689944a0262b5f3afa00a5a7b4dc81e5449f8a2"]
pystache = ["f7bbc265fb957b4d6c7c042b336563179444ab313fb93a719759111eabd3b85a"]
python-dateutil = ["7e6584c74aeed623791615e26efd690f29817a27c73085b78e4bad02493df2fb", "c89805f6f4d64db21ed966fda138f8a5ed7a4fdbc1a8ee329ce1b74e3c74da9e"]
pyyaml = ["0113bc0ec2ad727182326b61326afa3d1d8280ae1122493553fd6f4397f33df9", "01adf0b6c6f61bd11af6e10ca52b7d4057dd0be0343eb9283c878cf3af56aee4", "5124373960b0b3f4aa7df1707e63e9f109b5263eca5976c66e08b1c552d4eaf8", "5ca4f10adbddae56d824b2c09668e91219bb178a1eee1faa56af6f99f11bf696", "7907be34ffa3c5a32b60b95f4d95ea25361c951383a894fec31be7252b2b6f34", "7ec9b2a4ed5cad025c2278a1e6a19c011c80a3caaac804fd2d329e9cc2c287c9", "87ae4c829bb25b9fe99cf71fbb2140c448f534e24c998cc60f39ae4f94396a73", "9de9919becc9cc2ff03637872a440195ac4241c80536632fffeb6a1e25a74299", "a5a85b10e450c66b49f98846937e8cfca1db3127a9d5d1e31ca45c3d0bef4c5b", "b0997827b4f6a7c286c01c5f60384d218dca4ed7d9efa945c3e1aa623d5709ae", "b631ef96d3222e62861443cc89d6563ba3eeb816eeb96b2629345ab795e53681", "bf47c0607522fdbca6c9e817a6e81b08491de50f3766a7a0e6a5be7905961b41", "f81025eddd0327c7d4cfe9b62cf33190e1e736cc6e97502b3ec425f574b3e7a8"]
requests = ["11e007a8a2aa0323f5a921e9e6a2d7e4e67d9877e85773fba9ba6419025cbeb4", "9cf5292fcd0f598c671cfc1e0d7d1a7f13bb8085e9a590f48c010551dc6c4b31"]
six = ["3350809f0555b11f552448330d0b52d5f24c91a322ea4a15ef22629740f3761c", "d16a0141ec1a18405cd4ce8b4613101da75da0e9a7aec5bdd4fa804d0e0eba73"]
text-unidecode = ["1311f10e8b895935241623731c2ba64f4c455287888b18189350b67134a822e8", "bad6603bb14d279193107714b288be206cac565dfa49aa5b105294dd5c4aab93"]
typed-ast = ["1170afa46a3799e18b4c977777ce137bb53c7485379d9706af8a59f2ea1aa161", "18511a0b3e7922276346bcb47e2ef9f38fb90fd31cb9223eed42c85d1312344e", "262c247a82d005e43b5b7f69aff746370538e176131c32dda9cb0f324d27141e", "2b907eb046d049bcd9892e3076c7a6456c93a25bebfe554e931620c90e6a25b0", "354c16e5babd09f5cb0ee000d54cfa38401d8b8891eefa878ac772f827181a3c", "48e5b1e71f25cfdef98b013263a88d7145879fbb2d5185f2a0c79fa7ebbeae47", "4e0b70c6fc4d010f8107726af5fd37921b666f5b31d9331f0bd24ad9a088e631", "630968c5cdee51a11c05a30453f8cd65e0cc1d2ad0d9192819df9978984529f4", "66480f95b8167c9c5c5c87f32cf437d585937970f3fc24386f313a4c97b44e34", "71211d26ffd12d63a83e079ff258ac9d56a1376a25bc80b1cdcdf601b855b90b", "7954560051331d003b4e2b3eb822d9dd2e376fa4f6d98fee32f452f52dd6ebb2", "838997f4310012cf2e1ad3803bce2f3402e9ffb71ded61b5ee22617b3a7f6b6e", "95bd11af7eafc16e829af2d3df510cecfd4387f6453355188342c3e79a2ec87a", "bc6c7d3fa1325a0c6613512a093bc2a2a15aeec350451cbdf9e1d4bffe3e3233", "cc34a6f5b426748a507dd5d1de4c1978f2eb5626d51326e43280941206c209e1", "d755f03c1e4a51e9b24d899561fec4ccaf51f210d52abdf8c07ee2849b212a36", "d7c45933b1bdfaf9f36c579671fec15d25b06c8398f113dab64c18ed1adda01d", "d896919306dd0aa22d0132f62a1b78d11aaf4c9fc5b3410d3c666b818191630a", "fdc1c9bbf79510b76408840e009ed65958feba92a88833cdceecff93ae8fff66", "ffde2fbfad571af120fcbfbbc61c72469e72f550d676c3342492a9dfdefb8f12"]
typing = ["91dfe6f3f706ee8cc32d38edbbf304e9b7583fb37108fef38229617f8b3eba23", "c8cabb5ab8945cd2f54917be357d134db9cc1eb039e59d1606dc1e60cb1d9d36", "f38d83c5a7a7086543a0f649564d661859c5146a85775ab90c0d2f93ffaa9714"]
typing-extensions = ["2ed632b30bb54fc3941c382decfd0ee4148f5c591651c9272473fea2c6397d95", "b1edbbf0652660e32ae780ac9433f4231e7339c7f9a8057d0f042fcbcea49b87", "d8179012ec2c620d3791ca6fe2bf7979d979acdbef1fca0bc56b37411db682ed"]
urllib3 = ["3de946ffbed6e6746608990594d08faac602528ac7015ac28d33cee6a45b7398", "9a107b99a5393caf59c7aa3c1249c16e6879447533d0887f4336dde834c7be86"]
yapf = ["02ace10a00fa2e36c7ebd1df2ead91dbfbd7989686dc4ccbdc549e95d19f5780", "6f94b6a176a7c114cfa6bad86d40f259bbe0f10cf2fa7f2f4b3596fc5802a41b"]
zopfli = ["0077de015d01202c2881179e3e2645f6151b2db8f5bf794cdeeed97de3a165e0", "06f4f65a2cb5908c13190d32c8579b44c1903155b7f5b398f13c0edc713c7068", "196d3a464ced1c917d3f3d51b1e9a417e91c76aeba953f90a75026e97bd2c942", "2261c4c0f7603bbe6764c020462d7b5f7ad4e690ac9dea6cebe73a8b23c71c9d", "3dad4ef157def2186318269310c75b572e0602f5a77c3357cd6b2bd5723cbff1", "544263a3819befea3cb4a08098706de328dcdc02a1d63731fd8f78734a338600", "69e99d652135e60927094f10d5a5b4add5b49e1e9ad25fb7ef6815a18bb9cf89", "6b2664a596dd76bb83799f69173ee8959c41bef2bafb5004ee3a6367d0deb36b", "800361c1da68783526f344b4aafa0a485e090fa0145ffffdeb083deb06c6b39b", "96dbfaaf4c1cf614757c0b5a98b8d0a918640591538b20f9ea479a0363f5bd37", "9f4729e089ee1f9e1c92912aecca468e652786d03e0befe3ad7ec7994d8a0337", "a69e34fb292b1e25ad5ebbf891624e278aaea620c3b389855266be7761e338f9", "a81cc7274f9205bd2f09fdc887041a37d1a7a3298f0c83cdf7442eb4b05dda83", "b8b78784807c998d0fc16fce7dc41e01d1043ed1cf4469b16f4d471eb6e4e5ab", "bc680ac375f1fad2a25e2fed31ca6b1c7f6e24c9013e2b0f07dda8b184269ae7", "c2176db11f2a99176d3a745c11f0139f5e9bc3ffe1f2564e90ee4e676b080c4e", "c6aeb1223f0f8171ce58c0ed49f87fc8cfeae74d08e17450866cdb1e8c3b339b", "db44b42431807c1752fa3abc5b59fc886e59480b3df74648c66ee5a9a1a0b7e8", "e4d1da29ea2b01e369ccdf4f703e79768292652c2ef5481e3e6ad102352314dd", "ed2293c11c2685bbd70bad0103285279406a77622e06de794d59c2180fecaa6a", "f16b881293afd34bef06b68d71dea8b10e1b2d9e6f5eb637f6ce9ca1c63df594", "f419b31ceec592b8412e0a44b0df6286750e7e1d2efe300259290a99d77aba3d", "f7df1ab844fd2a95d416e8cf6be43217cf149ad26e5c12ec053066ff3549b4f1"]
